
Microsoft Visual Studio Solution File, Format Version 12.00
# Visual Studio Version 17
VisualStudioVersion = 17.4.33213.308
MinimumVisualStudioVersion = 10.0.40219.1
Project("{FAE04EC0-301F-11D3-BF4B-00C04F79EFBC}") = "QA_Lab3_Zhurenkov", "QA_Lab3_Zhurenkov\QA_Lab3_Zhurenkov.csproj", "{7F75DEA2-E31B-4EFE-8ACD-E4B7496DB899}"
EndProject
Global
	GlobalSection(SolutionConfigurationPlatforms) = preSolution
		Debug|Any CPU = Debug|Any CPU
		Release|Any CPU = Release|Any CPU
	EndGlobalSection
	GlobalSection(ProjectConfigurationPlatforms) = postSolution
		{7F75DEA2-E31B-4EFE-8ACD-E4B7496DB899}.Debug|Any CPU.ActiveCfg = Debug|Any CPU
		{7F75DEA2-E31B-4EFE-8ACD-E4B7496DB899}.Debug|Any CPU.Build.0 = Debug|Any CPU
		{7F75DEA2-E31B-4EFE-8ACD-E4B7496DB899}.Release|Any CPU.ActiveCfg = Release|Any CPU
		{7F75DEA2-E31B-4EFE-8ACD-E4B7496DB899}.Release|Any CPU.Build.0 = Release|Any CPU
	EndGlobalSection
	GlobalSection(SolutionProperties) = preSolution
		HideSolutionNode = FALSE
	EndGlobalSection
	GlobalSection(ExtensibilityGlobals) = postSolution
		SolutionGuid = {6BD6210B-7C98-445F-85DD-FBFD6ACE62A1}
	EndGlobalSection
EndGlobal
